
Microsoft Visual Studio Solution File, Format Version 12.00
# Visual Studio 2012
Project("{FAE04EC0-301F-11D3-BF4B-00C04F79EFBC}") = "AcessoBancoDados", "AcessoBancoDados\AcessoBancoDados.csproj", "{65852610-C539-406E-8CE4-ACF06DC145E0}"
EndProject
Project("{FAE04EC0-301F-11D3-BF4B-00C04F79EFBC}") = "Apresentacao", "Apresentacao\Apresentacao.csproj", "{913715F9-4BC9-49CD-9515-2E64AEAB47A9}"
EndProject
Project("{FAE04EC0-301F-11D3-BF4B-00C04F79EFBC}") = "Negocios", "Negocios\Negocios.csproj", "{6820F618-6F30-451E-AA2F-572728F24241}"
EndProject
Project("{FAE04EC0-301F-11D3-BF4B-00C04F79EFBC}") = "ObjetoTransferencia", "ObjetoTransferencia\ObjetoTransferencia.csproj", "{79ED619D-AB4E-4A8D-B720-BF61E9EC6E4A}"
EndProject
Project("{FAE04EC0-301F-11D3-BF4B-00C04F79EFBC}") = "WinFormCharpWebCam", "WinFormCharpWebCam\WinFormCharpWebCam.csproj", "{0D809987-4FFC-4B3E-BD2E-F391A1FF48C0}"
EndProject
Global
	GlobalSection(SolutionConfigurationPlatforms) = preSolution
		Debug|Any CPU = Debug|Any CPU
		Release|Any CPU = Release|Any CPU
	EndGlobalSection
	GlobalSection(ProjectConfigurationPlatforms) = postSolution
		{65852610-C539-406E-8CE4-ACF06DC145E0}.Debug|Any CPU.ActiveCfg = Debug|Any CPU
		{65852610-C539-406E-8CE4-ACF06DC145E0}.Debug|Any CPU.Build.0 = Debug|Any CPU
		{65852610-C539-406E-8CE4-ACF06DC145E0}.Release|Any CPU.ActiveCfg = Release|Any CPU
		{65852610-C539-406E-8CE4-ACF06DC145E0}.Release|Any CPU.Build.0 = Release|Any CPU
		{913715F9-4BC9-49CD-9515-2E64AEAB47A9}.Debug|Any CPU.ActiveCfg = Debug|Any CPU
		{913715F9-4BC9-49CD-9515-2E64AEAB47A9}.Debug|Any CPU.Build.0 = Debug|Any CPU
		{913715F9-4BC9-49CD-9515-2E64AEAB47A9}.Release|Any CPU.ActiveCfg = Release|Any CPU
		{913715F9-4BC9-49CD-9515-2E64AEAB47A9}.Release|Any CPU.Build.0 = Release|Any CPU
		{6820F618-6F30-451E-AA2F-572728F24241}.Debug|Any CPU.ActiveCfg = Debug|Any CPU
		{6820F618-6F30-451E-AA2F-572728F24241}.Debug|Any CPU.Build.0 = Debug|Any CPU
		{6820F618-6F30-451E-AA2F-572728F24241}.Release|Any CPU.ActiveCfg = Release|Any CPU
		{6820F618-6F30-451E-AA2F-572728F24241}.Release|Any CPU.Build.0 = Release|Any CPU
		{79ED619D-AB4E-4A8D-B720-BF61E9EC6E4A}.Debug|Any CPU.ActiveCfg = Debug|Any CPU
		{79ED619D-AB4E-4A8D-B720-BF61E9EC6E4A}.Debug|Any CPU.Build.0 = Debug|Any CPU
		{79ED619D-AB4E-4A8D-B720-BF61E9EC6E4A}.Release|Any CPU.ActiveCfg = Release|Any CPU
		{79ED619D-AB4E-4A8D-B720-BF61E9EC6E4A}.Release|Any CPU.Build.0 = Release|Any CPU
		{0D809987-4FFC-4B3E-BD2E-F391A1FF48C0}.Debug|Any CPU.ActiveCfg = Debug|Any CPU
		{0D809987-4FFC-4B3E-BD2E-F391A1FF48C0}.Debug|Any CPU.Build.0 = Debug|Any CPU
		{0D809987-4FFC-4B3E-BD2E-F391A1FF48C0}.Release|Any CPU.ActiveCfg = Release|Any CPU
		{0D809987-4FFC-4B3E-BD2E-F391A1FF48C0}.Release|Any CPU.Build.0 = Release|Any CPU
	EndGlobalSection
	GlobalSection(SolutionProperties) = preSolution
		HideSolutionNode = FALSE
	EndGlobalSection
EndGlobal
